<?xml version="1.0" encoding="utf-8"?>
<Project ToolsVersion="4.0" xmlns="http://schemas.microsoft.com/developer/msbuild/2003">
  <ItemGroup>
    <Filter Include="src">
      <UniqueIdentifier>{e9f12fca-c121-468c-bb8a-b7bdd3dfcdea}</UniqueIdentifier>
    </Filter>
    <Filter Include="src\window">
      <UniqueIdentifier>{bc3dedbf-71ff-4681-a595-2e3031774faf}</UniqueIdentifier>
    </Filter>
    <Filter Include="src\game">
      <UniqueIdentifier>{a6eb8df0-a265-443a-9005-7b6d516e8356}</UniqueIdentifier>
    </Filter>
    <Filter Include="src\settings">
      <UniqueIdentifier>{b5985e37-91bd-4124-aeff-2123f2bfd2fe}</UniqueIdentifier>
    </Filter>
    <Filter Include="src\ui objects">
      <UniqueIdentifier>{48e3dbe2-6814-47bf-b058-ef2d98a2f115}</UniqueIdentifier>
    </Filter>
    <Filter Include="src\ui objects\menu item">
      <UniqueIdentifier>{9917c801-9f24-4513-97c7-6fbbbfc88326}</UniqueIdentifier>
    </Filter>
    <Filter Include="src\game\game states">
      <UniqueIdentifier>{169d1d57-4b16-455d-8c8d-ba8ae7b893f9}</UniqueIdentifier>
    </Filter>
    <Filter Include="src\game\game states\main menu state">
      <UniqueIdentifier>{96ed1bfe-6c99-449e-adbf-22282c3d4190}</UniqueIdentifier>
    </Filter>
    <Filter Include="src\game\game states\play state">
      <UniqueIdentifier>{6a1df0bc-4b82-4cc5-9d9d-d6a190ad4b4a}</UniqueIdentifier>
    </Filter>
    <Filter Include="src\game\game states\play state\view states">
      <UniqueIdentifier>{6ed3c192-9b93-4e55-b0f9-00dfe90e4533}</UniqueIdentifier>
    </Filter>
    <Filter Include="src\game\game states\play state\view states\main view state">
      <UniqueIdentifier>{0c81da14-da8e-42fb-9141-8ecb0d0e100d}</UniqueIdentifier>
    </Filter>
    <Filter Include="src\ui objects\button">
      <UniqueIdentifier>{4674b023-9fa6-4bb0-9785-9725e0459938}</UniqueIdentifier>
    </Filter>
    <Filter Include="src\game\game states\play state\view states\pause view state">
      <UniqueIdentifier>{74229a18-7ba5-4952-b200-70984b55b351}</UniqueIdentifier>
    </Filter>
    <Filter Include="src\ui objects\container">
      <UniqueIdentifier>{5f0c5379-f11a-467a-ad49-35906a729dc5}</UniqueIdentifier>
    </Filter>
    <Filter Include="src\ui objects\container\main statistics container">
      <UniqueIdentifier>{c61eab35-02eb-4160-a9a8-972b35b9a267}</UniqueIdentifier>
    </Filter>
    <Filter Include="src\ui objects\container\main event container">
      <UniqueIdentifier>{18d7ef30-8a3b-4307-8ae2-d892bd748b2a}</UniqueIdentifier>
    </Filter>
    <Filter Include="src\ui objects\container\main faction container">
      <UniqueIdentifier>{52d9f89d-bf84-42c4-b172-d7839d9dfa5d}</UniqueIdentifier>
    </Filter>
    <Filter Include="src\game\game resources">
      <UniqueIdentifier>{41194055-b80c-4564-b282-94309c66557b}</UniqueIdentifier>
    </Filter>
    <Filter Include="src\assets handler">
      <UniqueIdentifier>{3d826802-3e11-4212-8e3c-0c0ee1bc014b}</UniqueIdentifier>
    </Filter>
    <Filter Include="src\game\turn manager">
      <UniqueIdentifier>{e0e8649d-a79e-4c86-ba68-df9a0b69faee}</UniqueIdentifier>
    </Filter>
    <Filter Include="src\game\flag manager">
      <UniqueIdentifier>{6aa886c3-b6d1-41fc-8993-54b6e55bff4a}</UniqueIdentifier>
    </Filter>
    <Filter Include="src\game\flag manager\flag">
      <UniqueIdentifier>{a9e7f474-70ae-4355-9452-5e4433c6c3d1}</UniqueIdentifier>
    </Filter>
    <Filter Include="src\game\game resources\influence">
      <UniqueIdentifier>{b6e215cc-667a-4bba-a0db-f0919d0aa631}</UniqueIdentifier>
    </Filter>
    <Filter Include="src\game\game resources\national stability">
      <UniqueIdentifier>{d35e00c5-91fb-458f-8430-5902bda39061}</UniqueIdentifier>
    </Filter>
    <Filter Include="src\game\game resources\modifier">
      <UniqueIdentifier>{782e84c3-1e87-4e8b-bb38-41aba34e69bd}</UniqueIdentifier>
    </Filter>
    <Filter Include="src\game\game states\setup state">
      <UniqueIdentifier>{cb1e117a-50e6-4ef9-b97b-0ba5f12be8dd}</UniqueIdentifier>
    </Filter>
    <Filter Include="src\ui objects\text input field">
      <UniqueIdentifier>{c0f5b673-c698-4782-9710-0ff589f0edee}</UniqueIdentifier>
    </Filter>
    <Filter Include="src\game\government">
      <UniqueIdentifier>{8c0d89f0-2f0a-4e2b-951e-a47ca00c9e99}</UniqueIdentifier>
    </Filter>
    <Filter Include="src\game\government\ministries">
      <UniqueIdentifier>{84d0cbc4-f909-4293-8328-f42dc6e1529a}</UniqueIdentifier>
    </Filter>
    <Filter Include="src\game\government\ministries\Ministry of Finance">
      <UniqueIdentifier>{7b72c133-f2e5-4008-85ae-9094336f1aed}</UniqueIdentifier>
    </Filter>
    <Filter Include="src\game\government\ministries\Minister">
      <UniqueIdentifier>{81f07cfc-c845-4164-b1f0-dcb8b747211c}</UniqueIdentifier>
    </Filter>
    <Filter Include="src\game\president">
      <UniqueIdentifier>{9b255195-2c89-406a-9906-92ca0df765d5}</UniqueIdentifier>
    </Filter>
    <Filter Include="src\game\game resources\corruption">
      <UniqueIdentifier>{78d0db01-7c55-4413-8e70-6b328a80c965}</UniqueIdentifier>
    </Filter>
    <Filter Include="src\ui objects\container\main faction container\ministry card">
      <UniqueIdentifier>{48538a91-4486-417e-b37a-1721a5d8b286}</UniqueIdentifier>
    </Filter>
    <Filter Include="src\game\game resources\loyality">
      <UniqueIdentifier>{e58d6bd3-bbbb-49da-a2da-d89dbdf5740b}</UniqueIdentifier>
    </Filter>
    <Filter Include="src\game\game resources\power">
      <UniqueIdentifier>{0b4278e7-e5df-4710-afd3-8878e3340adf}</UniqueIdentifier>
    </Filter>
    <Filter Include="src\game\government\ministries\Ministry of Defence">
      <UniqueIdentifier>{477b3c45-21f5-46cc-9bb5-71b59d58030c}</UniqueIdentifier>
    </Filter>
    <Filter Include="src\ui objects\tooltip">
      <UniqueIdentifier>{d2764189-697e-4de3-b14d-7ebc2b281701}</UniqueIdentifier>
    </Filter>
    <Filter Include="src\cursor">
      <UniqueIdentifier>{86158f77-53c3-4713-8584-fa3376338d65}</UniqueIdentifier>
    </Filter>
    <Filter Include="src\loading">
      <UniqueIdentifier>{e11ee0c6-fd02-4334-8c2b-a6784ac15cbb}</UniqueIdentifier>
    </Filter>
    <Filter Include="src\game\event manager">
      <UniqueIdentifier>{69606243-78ff-4783-8fd8-8da1295dd145}</UniqueIdentifier>
    </Filter>
    <Filter Include="src\game\event manager\event">
      <UniqueIdentifier>{5b7b8b81-363c-4daa-b4fc-94d9e64912fc}</UniqueIdentifier>
    </Filter>
  </ItemGroup>
  <ItemGroup>
    <ClCompile Include="Main.cpp">
      <Filter>src</Filter>
    </ClCompile>
    <ClCompile Include="Window.cpp">
      <Filter>src\window</Filter>
    </ClCompile>
    <ClCompile Include="Game.cpp">
      <Filter>src\game</Filter>
    </ClCompile>
    <ClCompile Include="Settings.cpp">
      <Filter>src\settings</Filter>
    </ClCompile>
    <ClCompile Include="MenuItem.cpp">
      <Filter>src\ui objects\menu item</Filter>
    </ClCompile>
    <ClCompile Include="MainMenuState.cpp">
      <Filter>src\game\game states\main menu state</Filter>
    </ClCompile>
    <ClCompile Include="PlayState.cpp">
      <Filter>src\game\game states\play state</Filter>
    </ClCompile>
    <ClCompile Include="MainViewState.cpp">
      <Filter>src\game\game states\play state\view states\main view state</Filter>
    </ClCompile>
    <ClCompile Include="Button.cpp">
      <Filter>src\ui objects\button</Filter>
    </ClCompile>
    <ClCompile Include="PauseViewState.cpp">
      <Filter>src\game\game states\play state\view states\pause view state</Filter>
    </ClCompile>
    <ClCompile Include="MainStatisticsContainer.cpp">
      <Filter>src\ui objects\container\main statistics container</Filter>
    </ClCompile>
    <ClCompile Include="MainEventContainer.cpp">
      <Filter>src\ui objects\container\main event container</Filter>
    </ClCompile>
    <ClCompile Include="MainFactionContainer.cpp">
      <Filter>src\ui objects\container\main faction container</Filter>
    </ClCompile>
    <ClCompile Include="AssetsHandler.cpp">
      <Filter>src\assets handler</Filter>
    </ClCompile>
    <ClCompile Include="ResourceManager.cpp">
      <Filter>src\game\game resources</Filter>
    </ClCompile>
    <ClCompile Include="TurnManager.cpp">
      <Filter>src\game\turn manager</Filter>
    </ClCompile>
    <ClCompile Include="FlagManager.cpp">
      <Filter>src\game\flag manager</Filter>
    </ClCompile>
    <ClCompile Include="Flag.cpp">
      <Filter>src\game\flag manager\flag</Filter>
    </ClCompile>
    <ClCompile Include="InfluenceResource.cpp">
      <Filter>src\game\game resources\influence</Filter>
    </ClCompile>
    <ClCompile Include="NationalStability.cpp">
      <Filter>src\game\game resources\national stability</Filter>
    </ClCompile>
    <ClCompile Include="SetupState.cpp">
      <Filter>src\game\game states\setup state</Filter>
    </ClCompile>
    <ClCompile Include="TextInputField.cpp">
      <Filter>src\ui objects\text input field</Filter>
    </ClCompile>
    <ClCompile Include="FinanceMinistry.cpp">
      <Filter>src\game\government\ministries\Ministry of Finance</Filter>
    </ClCompile>
    <ClCompile Include="Minister.cpp">
      <Filter>src\game\government\ministries\Minister</Filter>
    </ClCompile>
    <ClCompile Include="Government.cpp">
      <Filter>src\game\government</Filter>
    </ClCompile>
    <ClCompile Include="CorruptionRate.cpp">
      <Filter>src\game\game resources\corruption</Filter>
    </ClCompile>
    <ClCompile Include="MinistryCard.cpp">
      <Filter>src\ui objects\container\main faction container\ministry card</Filter>
    </ClCompile>
    <ClCompile Include="AbstractLoyality.cpp">
      <Filter>src\game\game resources\loyality</Filter>
    </ClCompile>
    <ClCompile Include="AbstractPower.cpp">
      <Filter>src\game\game resources\power</Filter>
    </ClCompile>
    <ClCompile Include="DefenceMinistry.cpp">
      <Filter>src\game\government\ministries\Ministry of Defence</Filter>
    </ClCompile>
    <ClCompile Include="Ministry.cpp">
      <Filter>src\game\government\ministries</Filter>
    </ClCompile>
    <ClCompile Include="Tooltip.cpp">
      <Filter>src\ui objects\tooltip</Filter>
    </ClCompile>
    <ClCompile Include="Cursor.cpp">
      <Filter>src\cursor</Filter>
    </ClCompile>
    <ClCompile Include="EventManager.cpp">
      <Filter>src\game\event manager</Filter>
    </ClCompile>
    <ClCompile Include="Event.cpp">
      <Filter>src\game\event manager\event</Filter>
    </ClCompile>
    <ClCompile Include="GameSetupLoader.cpp">
      <Filter>src\loading</Filter>
    </ClCompile>
  </ItemGroup>
  <ItemGroup>
    <ClInclude Include="Window.h">
      <Filter>src\window</Filter>
    </ClInclude>
    <ClInclude Include="Game.h">
      <Filter>src\game</Filter>
    </ClInclude>
    <ClInclude Include="Settings.h">
      <Filter>src\settings</Filter>
    </ClInclude>
    <ClInclude Include="MenuItem.h">
      <Filter>src\ui objects\menu item</Filter>
    </ClInclude>
    <ClInclude Include="GameState.h">
      <Filter>src\game\game states</Filter>
    </ClInclude>
    <ClInclude Include="MainMenuState.h">
      <Filter>src\game\game states\main menu state</Filter>
    </ClInclude>
    <ClInclude Include="PlayState.h">
      <Filter>src\game\game states\play state</Filter>
    </ClInclude>
    <ClInclude Include="ViewState.h">
      <Filter>src\game\game states\play state\view states</Filter>
    </ClInclude>
    <ClInclude Include="MainViewState.h">
      <Filter>src\game\game states\play state\view states\main view state</Filter>
    </ClInclude>
    <ClInclude Include="Button.h">
      <Filter>src\ui objects\button</Filter>
    </ClInclude>
    <ClInclude Include="PauseViewState.h">
      <Filter>src\game\game states\play state\view states\pause view state</Filter>
    </ClInclude>
    <ClInclude Include="MainStatisticsContainer.h">
      <Filter>src\ui objects\container\main statistics container</Filter>
    </ClInclude>
    <ClInclude Include="MainEventContainer.h">
      <Filter>src\ui objects\container\main event container</Filter>
    </ClInclude>
    <ClInclude Include="MainFactionContainer.h">
      <Filter>src\ui objects\container\main faction container</Filter>
    </ClInclude>
    <ClInclude Include="AssetsHandler.h">
      <Filter>src\assets handler</Filter>
    </ClInclude>
    <ClInclude Include="TurnManager.h">
      <Filter>src\game\turn manager</Filter>
    </ClInclude>
    <ClInclude Include="FlagManager.h">
      <Filter>src\game\flag manager</Filter>
    </ClInclude>
    <ClInclude Include="Flag.h">
      <Filter>src\game\flag manager\flag</Filter>
    </ClInclude>
    <ClInclude Include="InfluenceResource.h">
      <Filter>src\game\game resources\influence</Filter>
    </ClInclude>
    <ClInclude Include="ResourceManager.h">
      <Filter>src\game\game resources</Filter>
    </ClInclude>
    <ClInclude Include="NationalStability.h">
      <Filter>src\game\game resources\national stability</Filter>
    </ClInclude>
    <ClInclude Include="SetupState.h">
      <Filter>src\game\game states\setup state</Filter>
    </ClInclude>
    <ClInclude Include="TextInputField.h">
      <Filter>src\ui objects\text input field</Filter>
    </ClInclude>
    <ClInclude Include="Ministry.h">
      <Filter>src\game\government\ministries</Filter>
    </ClInclude>
    <ClInclude Include="FinanceMinistry.h">
      <Filter>src\game\government\ministries\Ministry of Finance</Filter>
    </ClInclude>
    <ClInclude Include="Minister.h">
      <Filter>src\game\government\ministries\Minister</Filter>
    </ClInclude>
    <ClInclude Include="Government.h">
      <Filter>src\game\government</Filter>
    </ClInclude>
    <ClInclude Include="President.h">
      <Filter>src\game\president</Filter>
    </ClInclude>
    <ClInclude Include="Modifier.h">
      <Filter>src\game\game resources\modifier</Filter>
    </ClInclude>
    <ClInclude Include="CorruptionRate.h">
      <Filter>src\game\game resources\corruption</Filter>
    </ClInclude>
    <ClInclude Include="MinistryCard.h">
      <Filter>src\ui objects\container\main faction container\ministry card</Filter>
    </ClInclude>
    <ClInclude Include="AbstractLoyality.h">
      <Filter>src\game\game resources\loyality</Filter>
    </ClInclude>
    <ClInclude Include="AbstractPower.h">
      <Filter>src\game\game resources\power</Filter>
    </ClInclude>
    <ClInclude Include="DefenceMinistry.h">
      <Filter>src\game\government\ministries\Ministry of Defence</Filter>
    </ClInclude>
    <ClInclude Include="Tooltip.h">
      <Filter>src\ui objects\tooltip</Filter>
    </ClInclude>
    <ClInclude Include="Cursor.h">
      <Filter>src\cursor</Filter>
    </ClInclude>
    <ClInclude Include="EventManager.h">
      <Filter>src\game\event manager</Filter>
    </ClInclude>
    <ClInclude Include="Event.h">
      <Filter>src\game\event manager\event</Filter>
    </ClInclude>
    <ClInclude Include="GameSetupLoader.h">
      <Filter>src\loading</Filter>
    </ClInclude>
    <ClInclude Include="MinisterManager.h">
      <Filter>src\game\government\ministries\Minister</Filter>
    </ClInclude>
  </ItemGroup>
</Project>