
Microsoft Visual Studio Solution File, Format Version 12.00
# Visual Studio 15
VisualStudioVersion = 15.0.28010.2026
MinimumVisualStudioVersion = 10.0.40219.1
Project("{8BC9CEB8-8B4A-11D0-8D11-00A0C91BC942}") = "M", "M\M.vcxproj", "{D2401F6E-6E45-4A9D-857E-E7083185DEE3}"
EndProject
Global
	GlobalSection(SolutionConfigurationPlatforms) = preSolution
		Debug|x64 = Debug|x64
		Debug|x86 = Debug|x86
		Release|x64 = Release|x64
		Release|x86 = Release|x86
	EndGlobalSection
	GlobalSection(ProjectConfigurationPlatforms) = postSolution
		{D2401F6E-6E45-4A9D-857E-E7083185DEE3}.Debug|x64.ActiveCfg = Debug|x64
		{D2401F6E-6E45-4A9D-857E-E7083185DEE3}.Debug|x64.Build.0 = Debug|x64
		{D2401F6E-6E45-4A9D-857E-E7083185DEE3}.Debug|x86.ActiveCfg = Debug|Win32
		{D2401F6E-6E45-4A9D-857E-E7083185DEE3}.Debug|x86.Build.0 = Debug|Win32
		{D2401F6E-6E45-4A9D-857E-E7083185DEE3}.Release|x64.ActiveCfg = Release|x64
		{D2401F6E-6E45-4A9D-857E-E7083185DEE3}.Release|x64.Build.0 = Release|x64
		{D2401F6E-6E45-4A9D-857E-E7083185DEE3}.Release|x86.ActiveCfg = Release|Win32
		{D2401F6E-6E45-4A9D-857E-E7083185DEE3}.Release|x86.Build.0 = Release|Win32
	EndGlobalSection
	GlobalSection(SolutionProperties) = preSolution
		HideSolutionNode = FALSE
	EndGlobalSection
	GlobalSection(ExtensibilityGlobals) = postSolution
		SolutionGuid = {F8AA4A2C-8F8A-413D-869E-4559BAA8BDD5}
	EndGlobalSection
EndGlobal
